
Microsoft Visual Studio Solution File, Format Version 12.00
# Visual Studio Version 17
VisualStudioVersion = 17.11.35327.3
MinimumVisualStudioVersion = 10.0.40219.1
Project("{9A19103F-16F7-4668-BE54-9A1E7A4F7556}") = "Restaurants.API", "Restaurants.API.csproj", "{290A001F-6275-4197-95C3-6FEBAE9F89B0}"
EndProject
Project("{FAE04EC0-301F-11D3-BF4B-00C04F79EFBC}") = "Restaurants.Application", "..\Restaurants.Application\Restaurants.Application.csproj", "{18D92C51-6433-4321-B1DB-41C204606401}"
EndProject
Project("{FAE04EC0-301F-11D3-BF4B-00C04F79EFBC}") = "Restaurants.infrastructure", "..\Restaurants.infrastructure\Restaurants.infrastructure.csproj", "{B27DE1C2-8EDE-441A-B312-8B4BB3EBF70C}"
EndProject
Project("{FAE04EC0-301F-11D3-BF4B-00C04F79EFBC}") = "Restaurants.Domain", "..\Restaurants.Domain\Restaurants.Domain.csproj", "{3911C650-7262-4063-98A1-14CB6FEF79AA}"
EndProject
Project("{2150E333-8FDC-42A3-9474-1A3956D46DE8}") = "Notes", "Notes", "{AA78DFD4-A8B0-4CE3-BF58-D40E3AAED79B}"
	ProjectSection(SolutionItems) = preProject
		TextFile1.txt = TextFile1.txt
	EndProjectSection
EndProject
Global
	GlobalSection(SolutionConfigurationPlatforms) = preSolution
		Debug|Any CPU = Debug|Any CPU
		Release|Any CPU = Release|Any CPU
	EndGlobalSection
	GlobalSection(ProjectConfigurationPlatforms) = postSolution
		{290A001F-6275-4197-95C3-6FEBAE9F89B0}.Debug|Any CPU.ActiveCfg = Debug|Any CPU
		{290A001F-6275-4197-95C3-6FEBAE9F89B0}.Debug|Any CPU.Build.0 = Debug|Any CPU
		{290A001F-6275-4197-95C3-6FEBAE9F89B0}.Release|Any CPU.ActiveCfg = Release|Any CPU
		{290A001F-6275-4197-95C3-6FEBAE9F89B0}.Release|Any CPU.Build.0 = Release|Any CPU
		{18D92C51-6433-4321-B1DB-41C204606401}.Debug|Any CPU.ActiveCfg = Debug|Any CPU
		{18D92C51-6433-4321-B1DB-41C204606401}.Debug|Any CPU.Build.0 = Debug|Any CPU
		{18D92C51-6433-4321-B1DB-41C204606401}.Release|Any CPU.ActiveCfg = Release|Any CPU
		{18D92C51-6433-4321-B1DB-41C204606401}.Release|Any CPU.Build.0 = Release|Any CPU
		{B27DE1C2-8EDE-441A-B312-8B4BB3EBF70C}.Debug|Any CPU.ActiveCfg = Debug|Any CPU
		{B27DE1C2-8EDE-441A-B312-8B4BB3EBF70C}.Debug|Any CPU.Build.0 = Debug|Any CPU
		{B27DE1C2-8EDE-441A-B312-8B4BB3EBF70C}.Release|Any CPU.ActiveCfg = Release|Any CPU
		{B27DE1C2-8EDE-441A-B312-8B4BB3EBF70C}.Release|Any CPU.Build.0 = Release|Any CPU
		{3911C650-7262-4063-98A1-14CB6FEF79AA}.Debug|Any CPU.ActiveCfg = Debug|Any CPU
		{3911C650-7262-4063-98A1-14CB6FEF79AA}.Debug|Any CPU.Build.0 = Debug|Any CPU
		{3911C650-7262-4063-98A1-14CB6FEF79AA}.Release|Any CPU.ActiveCfg = Release|Any CPU
		{3911C650-7262-4063-98A1-14CB6FEF79AA}.Release|Any CPU.Build.0 = Release|Any CPU
	EndGlobalSection
	GlobalSection(SolutionProperties) = preSolution
		HideSolutionNode = FALSE
	EndGlobalSection
	GlobalSection(ExtensibilityGlobals) = postSolution
		SolutionGuid = {4E8BC337-D8B9-4A88-9E76-B7170CB7B0B4}
	EndGlobalSection
EndGlobal
